{
    "_readme": [
        "This file locks the dependencies of your project to a known state",
        "Read more about it at https://getcomposer.org/doc/01-basic-usage.md#installing-dependencies",
        "This file is @generated automatically"
    ],
    "content-hash": "64f968d672c0eaa8f55750f594864126",
    "packages": [
        {
            "name": "paragonie/constant_time_encoding",
            "version": "v3.1.3",
            "source": {
                "type": "git",
                "url": "https://github.com/paragonie/constant_time_encoding.git",
                "reference": "d5b01a39b3415c2cd581d3bd3a3575c1ebbd8e77"
            },
            "dist": {
                "type": "zip",
                "url": "https://api.github.com/repos/paragonie/constant_time_encoding/zipball/d5b01a39b3415c2cd581d3bd3a3575c1ebbd8e77",
                "reference": "d5b01a39b3415c2cd581d3bd3a3575c1ebbd8e77",
                "shasum": ""
            },
            "require": {
                "php": "^8"
            },
            "require-dev": {
                "infection/infection": "^0",
                "nikic/php-fuzzer": "^0",
                "phpunit/phpunit": "^9|^10|^11",
                "vimeo/psalm": "^4|^5|^6"
            },
            "type": "library",
            "autoload": {
                "psr-4": {
                    "ParagonIE\\ConstantTime\\": "src/"
                }
            },
            "notification-url": "https://packagist.org/downloads/",
            "license": [
                "MIT"
            ],
            "authors": [
                {
                    "name": "Paragon Initiative Enterprises",
                    "email": "security@paragonie.com",
                    "homepage": "https://paragonie.com",
                    "role": "Maintainer"
                },
                {
                    "name": "Steve 'Sc00bz' Thomas",
                    "email": "steve@tobtu.com",
                    "homepage": "https://www.tobtu.com",
                    "role": "Original Developer"
                }
            ],
            "description": "Constant-time Implementations of RFC 4648 Encoding (Base-64, Base-32, Base-16)",
            "keywords": [
                "base16",
                "base32",
                "base32_decode",
                "base32_encode",
                "base64",
                "base64_decode",
                "base64_encode",
                "bin2hex",
                "encoding",
                "hex",
                "hex2bin",
                "rfc4648"
            ],
            "support": {
                "email": "info@paragonie.com",
                "issues": "https://github.com/paragonie/constant_time_encoding/issues",
                "source": "https://github.com/paragonie/constant_time_encoding"
            },
            "time": "2025-09-24T15:06:41+00:00"
        },
        {
            "name": "paragonie/random_compat",
            "version": "v9.99.100",
            "source": {
                "type": "git",
                "url": "https://github.com/paragonie/random_compat.git",
                "reference": "996434e5492cb4c3edcb9168db6fbb1359ef965a"
            },
            "dist": {
                "type": "zip",
                "url": "https://api.github.com/repos/paragonie/random_compat/zipball/996434e5492cb4c3edcb9168db6fbb1359ef965a",
                "reference": "996434e5492cb4c3edcb9168db6fbb1359ef965a",
                "shasum": ""
            },
            "require": {
                "php": ">= 7"
            },
            "require-dev": {
                "phpunit/phpunit": "4.*|5.*",
                "vimeo/psalm": "^1"
            },
            "suggest": {
                "ext-libsodium": "Provides a modern crypto API that can be used to generate random bytes."
            },
            "type": "library",
            "notification-url": "https://packagist.org/downloads/",
            "license": [
                "MIT"
            ],
            "authors": [
                {
                    "name": "Paragon Initiative Enterprises",
                    "email": "security@paragonie.com",
                    "homepage": "https://paragonie.com"
                }
            ],
            "description": "PHP 5.x polyfill for random_bytes() and random_int() from PHP 7",
            "keywords": [
                "csprng",
                "polyfill",
                "pseudorandom",
                "random"
            ],
            "support": {
                "email": "info@paragonie.com",
                "issues": "https://github.com/paragonie/random_compat/issues",
                "source": "https://github.com/paragonie/random_compat"
            },
            "time": "2020-10-15T08:29:30+00:00"
        },
        {
            "name": "phpseclib/phpseclib",
            "version": "3.0.57",
            "source": {
                "type": "git",
                "url": "https://github.com/phpseclib/phpseclib.git",
                "reference": "d17e0ddaeaf6f22f7e007cbb437d78792fe2a0e4"
            },
            "dist": {
                "type": "zip",
                "url": "https://api.github.com/repos/phpseclib/phpseclib/zipball/d17e0ddaeaf6f22f7e007cbb437d78792fe2a0e4",
                "reference": "d17e0ddaeaf6f22f7e007cbb437d78792fe2a0e4",
                "shasum": ""
            },
            "require": {
                "paragonie/constant_time_encoding": "^1|^2|^3",
                "paragonie/random_compat": "^1.4|^2.0|^9.99.99",
                "php": ">=5.6.1"
            },
            "require-dev": {
                "phpunit/phpunit": "*"
            },
            "suggest": {
                "ext-dom": "Install the DOM extension to load XML formatted public keys.",
                "ext-gmp": "Install the GMP (GNU Multiple Precision) extension in order to speed up arbitrary precision integer arithmetic operations.",
                "ext-libsodium": "SSH2/SFTP can make use of some algorithms provided by the libsodium-php extension.",
                "ext-mcrypt": "Install the Mcrypt extension in order to speed up a few other cryptographic operations.",
                "ext-openssl": "Install the OpenSSL extension in order to speed up a wide variety of cryptographic operations."
            },
            "type": "library",
            "autoload": {
                "files": [
                    "phpseclib/bootstrap.php"
                ],
                "psr-4": {
                    "phpseclib3\\": "phpseclib/"
                }
            },
            "notification-url": "https://packagist.org/downloads/",
            "license": [
                "MIT"
            ],
            "authors": [
                {
                    "name": "Jim Wigginton",
                    "email": "terrafrost@php.net",
                    "role": "Lead Developer"
                },
                {
                    "name": "Patrick Monnerat",
                    "email": "pm@datasphere.ch",
                    "role": "Developer"
                },
                {
                    "name": "Andreas Fischer",
                    "email": "bantu@phpbb.com",
                    "role": "Developer"
                },
                {
                    "name": "Hans-Jürgen Petrich",
                    "email": "petrich@tronic-media.com",
                    "role": "Developer"
                },
                {
                    "name": "Graham Campbell",
                    "email": "graham@alt-three.com",
                    "role": "Developer"
                }
            ],
            "description": "PHP Secure Communications Library - Pure-PHP implementations of RSA, AES, SSH2, SFTP, X.509 etc.",
            "homepage": "http://phpseclib.sourceforge.net",
            "keywords": [
                "BigInteger",
                "aes",
                "asn.1",
                "asn1",
                "blowfish",
                "crypto",
                "cryptography",
                "encryption",
                "rsa",
                "security",
                "sftp",
                "signature",
                "signing",
                "ssh",
                "twofish",
                "x.509",
                "x509"
            ],
            "support": {
                "issues": "https://github.com/phpseclib/phpseclib/issues",
                "source": "https://github.com/phpseclib/phpseclib/tree/3.0.57"
            },
            "funding": [
                {
                    "url": "https://github.com/terrafrost",
                    "type": "github"
                },
                {
                    "url": "https://www.patreon.com/phpseclib",
                    "type": "patreon"
                },
                {
                    "url": "https://tidelift.com/funding/github/packagist/phpseclib/phpseclib",
                    "type": "tidelift"
                }
            ],
            "time": "2026-08-26T12:13:21+00:00"
        },
        {
            "name": "tecnickcom/tc-lib-barcode",
            "version": "2.16.4",
            "source": {
                "type": "git",
                "url": "https://github.com/tecnickcom/tc-lib-barcode.git",
                "reference": "e0b07db25cd223cacdfcfc1af728585781bd2bda"
            },
            "dist": {
                "type": "zip",
                "url": "https://api.github.com/repos/tecnickcom/tc-lib-barcode/zipball/e0b07db25cd223cacdfcfc1af728585781bd2bda",
                "reference": "e0b07db25cd223cacdfcfc1af728585781bd2bda",
                "shasum": ""
            },
            "require": {
                "ext-ctype": "*",
                "ext-gd": "*",
                "ext-pcre": "*",
                "php": "^8.2",
                "tecnickcom/tc-lib-color": "^3.0"
            },
            "require-dev": {
                "carthage-software/mago": "1.50.0",
                "pdepend/pdepend": "^2.16",
                "phpunit/phpunit": "^11.5 || ^12.5 || ^13.3"
            },
            "suggest": {
                "ext-bcmath": "Speeds up the arbitrary precision arithmetic used by the IMB and PDF417 barcode types (a pure-PHP implementation is used when missing)",
                "ext-imagick": "Alternative PNG renderer used by getPngData() when the extension is loaded"
            },
            "type": "library",
            "autoload": {
                "psr-4": {
                    "Com\\Tecnick\\Barcode\\": "src"
                }
            },
            "notification-url": "https://packagist.org/downloads/",
            "license": [
                "LGPL-3.0-or-later"
            ],
            "authors": [
                {
                    "name": "Nicola Asuni",
                    "email": "info@tecnick.com",
                    "role": "lead"
                }
            ],
            "description": "PHP library to generate 73 types of linear, 2D and postal barcodes as SVG, PNG, HTML or GD images",
            "homepage": "https://tcpdf.org",
            "keywords": [
                "2D Barcode",
                "AZTEC Rune",
                "CODABAR",
                "CODE 11",
                "CODE 128",
                "CODE 16K",
                "CODE 32",
                "CODE 39",
                "CODE 49",
                "CODE 93",
                "DMRE",
                "Deutsche Post",
                "EAN 13",
                "EAN 2",
                "EAN 5",
                "EAN 8",
                "ECC200",
                "GB T 21049",
                "GS1 DataBar",
                "GS1-14",
                "HIBC",
                "Han Xin Code",
                "IATA 2 of 5",
                "ISO IEC 15438",
                "ISO IEC 16022",
                "ISO IEC 18004",
                "ISO IEC 20830",
                "ISO IEC 21471",
                "ISO IEC 24724",
                "ISO IEC 24778",
                "ITF-14",
                "Intelligent Mail Barcode",
                "Interleaved 2 of 5",
                "Japan Post",
                "KIX",
                "LOGMARS",
                "Linear barcode",
                "MSI",
                "Mailmark",
                "Matrix 2 of 5",
                "Micro QR Code",
                "Onecode",
                "PHARMACODE",
                "PHARMACODE TWO-TRACKS",
                "POSTNET",
                "PZN",
                "Plessey",
                "RMS4CC",
                "SSCC-18",
                "Standard 2 of 5",
                "Telepen",
                "UPC-A",
                "UPC-E",
                "australia post",
                "aztec",
                "barcode",
                "datamatrix",
                "gs1",
                "gs1-128",
                "identcode",
                "leitcode",
                "matrix barcode",
                "pdf417",
                "planet",
                "png",
                "postal barcode",
                "qr-code",
                "royal mail",
                "stacked barcode",
                "svg",
                "tc-lib-barcode",
                "upc"
            ],
            "support": {
                "issues": "https://github.com/tecnickcom/tc-lib-barcode/issues",
                "source": "https://github.com/tecnickcom/tc-lib-barcode"
            },
            "funding": [
                {
                    "url": "https://github.com/sponsors/tecnickcom",
                    "type": "github"
                }
            ],
            "time": "2026-09-26T11:00:50+00:00"
        },
        {
            "name": "tecnickcom/tc-lib-color",
            "version": "3.0.7",
            "source": {
                "type": "git",
                "url": "https://github.com/tecnickcom/tc-lib-color.git",
                "reference": "8455d371882d2e3eb2742d4d6fb82ca5aebb95db"
            },
            "dist": {
                "type": "zip",
                "url": "https://api.github.com/repos/tecnickcom/tc-lib-color/zipball/8455d371882d2e3eb2742d4d6fb82ca5aebb95db",
                "reference": "8455d371882d2e3eb2742d4d6fb82ca5aebb95db",
                "shasum": ""
            },
            "require": {
                "ext-pcre": "*",
                "php": "^8.2"
            },
            "require-dev": {
                "carthage-software/mago": "1.50.0",
                "pdepend/pdepend": "^2.16",
                "phpunit/phpunit": "^11.5 || ^12.5 || ^13.3"
            },
            "type": "library",
            "autoload": {
                "psr-4": {
                    "Com\\Tecnick\\Color\\": "src"
                }
            },
            "notification-url": "https://packagist.org/downloads/",
            "license": [
                "LGPL-3.0-or-later"
            ],
            "authors": [
                {
                    "name": "Nicola Asuni",
                    "email": "info@tecnick.com",
                    "role": "lead"
                }
            ],
            "description": "PHP library to manipulate various color representations",
            "homepage": "https://tcpdf.org",
            "keywords": [
                "cielab",
                "cmyk",
                "color",
                "colors",
                "colour",
                "colours",
                "css",
                "gray",
                "grayscale",
                "hsl",
                "hsla",
                "javascript",
                "lab",
                "pdf",
                "rgb",
                "rgba",
                "separation",
                "spot",
                "tc-lib-color",
                "web"
            ],
            "support": {
                "issues": "https://github.com/tecnickcom/tc-lib-color/issues",
                "source": "https://github.com/tecnickcom/tc-lib-color"
            },
            "funding": [
                {
                    "url": "https://github.com/sponsors/tecnickcom",
                    "type": "github"
                }
            ],
            "time": "2026-09-26T10:57:37+00:00"
        },
        {
            "name": "tecnickcom/tc-lib-file",
            "version": "3.9.4",
            "source": {
                "type": "git",
                "url": "https://github.com/tecnickcom/tc-lib-file.git",
                "reference": "02089faaaed42cb5137d23ba2236e6809124999e"
            },
            "dist": {
                "type": "zip",
                "url": "https://api.github.com/repos/tecnickcom/tc-lib-file/zipball/02089faaaed42cb5137d23ba2236e6809124999e",
                "reference": "02089faaaed42cb5137d23ba2236e6809124999e",
                "shasum": ""
            },
            "require": {
                "ext-curl": "*",
                "ext-pcre": "*",
                "php": "^8.2"
            },
            "require-dev": {
                "carthage-software/mago": "1.50.0",
                "pdepend/pdepend": "^2.16",
                "phpunit/phpunit": "^11.5 || ^12.5 || ^13.3"
            },
            "suggest": {
                "ext-intl": "Enables Unicode NFC normalization when matching paths against the allowlist"
            },
            "type": "library",
            "autoload": {
                "psr-4": {
                    "Com\\Tecnick\\File\\": "src"
                }
            },
            "notification-url": "https://packagist.org/downloads/",
            "license": [
                "LGPL-3.0-or-later"
            ],
            "authors": [
                {
                    "name": "Nicola Asuni",
                    "email": "info@tecnick.com",
                    "role": "lead"
                }
            ],
            "description": "PHP library for safe low-level file access: byte-level reads, path allowlisting, file caching and directory lookup",
            "homepage": "https://tcpdf.org",
            "keywords": [
                "Double",
                "bit",
                "byte",
                "file",
                "long",
                "read",
                "short",
                "tc-lib-file"
            ],
            "support": {
                "issues": "https://github.com/tecnickcom/tc-lib-file/issues",
                "source": "https://github.com/tecnickcom/tc-lib-file"
            },
            "funding": [
                {
                    "url": "https://github.com/sponsors/tecnickcom",
                    "type": "github"
                }
            ],
            "time": "2026-09-26T10:57:54+00:00"
        },
        {
            "name": "tecnickcom/tc-lib-pdf",
            "version": "8.76.3",
            "source": {
                "type": "git",
                "url": "https://github.com/tecnickcom/tc-lib-pdf.git",
                "reference": "d417129fad37d49dc9fc0d1e229e9740e1c774a3"
            },
            "dist": {
                "type": "zip",
                "url": "https://api.github.com/repos/tecnickcom/tc-lib-pdf/zipball/d417129fad37d49dc9fc0d1e229e9740e1c774a3",
                "reference": "d417129fad37d49dc9fc0d1e229e9740e1c774a3",
                "shasum": ""
            },
            "require": {
                "ext-ctype": "*",
                "ext-filter": "*",
                "ext-hash": "*",
                "ext-json": "*",
                "ext-mbstring": "*",
                "ext-openssl": "*",
                "ext-pcre": "*",
                "ext-xml": "*",
                "ext-zlib": "*",
                "php": "^8.2",
                "tecnickcom/tc-lib-barcode": "^2.16",
                "tecnickcom/tc-lib-color": "^3.0",
                "tecnickcom/tc-lib-file": "^3.9",
                "tecnickcom/tc-lib-pdf-encrypt": "^2.11",
                "tecnickcom/tc-lib-pdf-font": "^4.4",
                "tecnickcom/tc-lib-pdf-graph": "^2.18",
                "tecnickcom/tc-lib-pdf-image": "^3.14",
                "tecnickcom/tc-lib-pdf-page": "^4.16",
                "tecnickcom/tc-lib-pdf-parser": "^3.16",
                "tecnickcom/tc-lib-pdf-sign": "^2.0",
                "tecnickcom/tc-lib-unicode": "^3.0",
                "tecnickcom/tc-lib-unicode-data": "^3.0"
            },
            "require-dev": {
                "carthage-software/mago": "1.50.0",
                "pdepend/pdepend": "^2.16",
                "phpunit/phpunit": "^11.5 || ^12.5 || ^13.3"
            },
            "suggest": {
                "ext-curl": "Required to contact a Timestamp Authority (RFC 3161) when timestamping signatures",
                "ext-intl": "Enables Unicode NFC normalization of the PDF file name"
            },
            "type": "library",
            "autoload": {
                "psr-4": {
                    "Com\\Tecnick\\Pdf\\": "src"
                }
            },
            "notification-url": "https://packagist.org/downloads/",
            "license": [
                "LGPL-3.0-or-later"
            ],
            "authors": [
                {
                    "name": "Nicola Asuni",
                    "email": "info@tecnick.com",
                    "role": "lead"
                }
            ],
            "description": "PHP PDF Library",
            "homepage": "https://tcpdf.org",
            "keywords": [
                "PDFD32000-2008",
                "TCPDF",
                "document",
                "pdf",
                "tc-lib-pdf"
            ],
            "support": {
                "issues": "https://github.com/tecnickcom/tc-lib-pdf/issues",
                "source": "https://github.com/tecnickcom/tc-lib-pdf"
            },
            "funding": [
                {
                    "url": "https://github.com/sponsors/tecnickcom",
                    "type": "github"
                }
            ],
            "time": "2026-09-29T08:12:56+00:00"
        },
        {
            "name": "tecnickcom/tc-lib-pdf-encrypt",
            "version": "2.11.4",
            "source": {
                "type": "git",
                "url": "https://github.com/tecnickcom/tc-lib-pdf-encrypt.git",
                "reference": "c9e6ee4456d4701b20897a12e35eb2820c723abd"
            },
            "dist": {
                "type": "zip",
                "url": "https://api.github.com/repos/tecnickcom/tc-lib-pdf-encrypt/zipball/c9e6ee4456d4701b20897a12e35eb2820c723abd",
                "reference": "c9e6ee4456d4701b20897a12e35eb2820c723abd",
                "shasum": ""
            },
            "require": {
                "ext-ctype": "*",
                "ext-hash": "*",
                "ext-openssl": "*",
                "ext-pcre": "*",
                "php": "^8.2"
            },
            "require-dev": {
                "carthage-software/mago": "1.50.0",
                "pdepend/pdepend": "^2.16",
                "phpunit/phpunit": "^11.5 || ^12.5 || ^13.3"
            },
            "type": "library",
            "autoload": {
                "psr-4": {
                    "Com\\Tecnick\\Pdf\\Encrypt\\": "src"
                }
            },
            "notification-url": "https://packagist.org/downloads/",
            "license": [
                "LGPL-3.0-or-later"
            ],
            "authors": [
                {
                    "name": "Nicola Asuni",
                    "email": "info@tecnick.com",
                    "role": "lead"
                }
            ],
            "description": "PHP library to encrypt and decrypt PDF data",
            "homepage": "https://tcpdf.org",
            "keywords": [
                "aes",
                "encrypt",
                "encryption",
                "pdf",
                "rc4",
                "tc-lib-pdf-encrypt"
            ],
            "support": {
                "issues": "https://github.com/tecnickcom/tc-lib-pdf-encrypt/issues",
                "source": "https://github.com/tecnickcom/tc-lib-pdf-encrypt"
            },
            "funding": [
                {
                    "url": "https://github.com/sponsors/tecnickcom",
                    "type": "github"
                }
            ],
            "time": "2026-09-26T10:58:11+00:00"
        },
        {
            "name": "tecnickcom/tc-lib-pdf-filter",
            "version": "2.11.4",
            "source": {
                "type": "git",
                "url": "https://github.com/tecnickcom/tc-lib-pdf-filter.git",
                "reference": "2b0e0f9f56ae8e8baeda9a7aebd8e8321b493e30"
            },
            "dist": {
                "type": "zip",
                "url": "https://api.github.com/repos/tecnickcom/tc-lib-pdf-filter/zipball/2b0e0f9f56ae8e8baeda9a7aebd8e8321b493e30",
                "reference": "2b0e0f9f56ae8e8baeda9a7aebd8e8321b493e30",
                "shasum": ""
            },
            "require": {
                "ext-pcre": "*",
                "ext-zlib": "*",
                "php": "^8.2"
            },
            "require-dev": {
                "carthage-software/mago": "1.50.0",
                "pdepend/pdepend": "^2.16",
                "phpunit/phpunit": "^11.5 || ^12.5 || ^13.3"
            },
            "suggest": {
                "ext-imagick": "Required for the JPXDecode (JPEG 2000) and CCITTFaxDecode filters",
                "jbig2dec": "CLI tool required for the JBIG2Decode filter"
            },
            "type": "library",
            "autoload": {
                "psr-4": {
                    "Com\\Tecnick\\Pdf\\Filter\\": "src"
                }
            },
            "notification-url": "https://packagist.org/downloads/",
            "license": [
                "LGPL-3.0-or-later"
            ],
            "authors": [
                {
                    "name": "Nicola Asuni",
                    "email": "info@tecnick.com",
                    "role": "lead"
                }
            ],
            "description": "PHP library to decode PDF compression and encryption filters",
            "homepage": "https://tcpdf.org",
            "keywords": [
                "compression",
                "encryption",
                "filter",
                "pdf",
                "tc-lib-pdf-filter"
            ],
            "support": {
                "issues": "https://github.com/tecnickcom/tc-lib-pdf-filter/issues",
                "source": "https://github.com/tecnickcom/tc-lib-pdf-filter"
            },
            "funding": [
                {
                    "url": "https://github.com/sponsors/tecnickcom",
                    "type": "github"
                }
            ],
            "time": "2026-09-26T10:58:28+00:00"
        },
        {
            "name": "tecnickcom/tc-lib-pdf-font",
            "version": "4.4.1",
            "source": {
                "type": "git",
                "url": "https://github.com/tecnickcom/tc-lib-pdf-font.git",
                "reference": "a78b8e0ac9284d1594b6ba68488cf65c3e958f7b"
            },
            "dist": {
                "type": "zip",
                "url": "https://api.github.com/repos/tecnickcom/tc-lib-pdf-font/zipball/a78b8e0ac9284d1594b6ba68488cf65c3e958f7b",
                "reference": "a78b8e0ac9284d1594b6ba68488cf65c3e958f7b",
                "shasum": ""
            },
            "require": {
                "ext-hash": "*",
                "ext-json": "*",
                "ext-pcre": "*",
                "ext-zlib": "*",
                "php": "^8.2",
                "tecnickcom/tc-lib-file": "^3.9",
                "tecnickcom/tc-lib-pdf-encrypt": "^2.11",
                "tecnickcom/tc-lib-unicode-data": "^3.0"
            },
            "require-dev": {
                "carthage-software/mago": "1.50.0",
                "pdepend/pdepend": "^2.16",
                "phpunit/phpunit": "^11.5 || ^12.5 || ^13.3"
            },
            "suggest": {
                "ext-iconv": "Decodes legacy Macintosh (MacRoman) TrueType name strings",
                "ext-mbstring": "Decodes UTF-16BE and Windows-1252 TrueType name strings"
            },
            "type": "library",
            "autoload": {
                "psr-4": {
                    "Com\\Tecnick\\Pdf\\Font\\": "src"
                }
            },
            "notification-url": "https://packagist.org/downloads/",
            "license": [
                "LGPL-3.0-or-later"
            ],
            "authors": [
                {
                    "name": "Nicola Asuni",
                    "email": "info@tecnick.com",
                    "role": "lead"
                }
            ],
            "description": "PHP library containing PDF font methods and utilities",
            "homepage": "https://tcpdf.org",
            "keywords": [
                "PFB",
                "afm",
                "font",
                "import",
                "pdf",
                "tc-lib-pdf-font",
                "ttf"
            ],
            "support": {
                "issues": "https://github.com/tecnickcom/tc-lib-pdf-font/issues",
                "source": "https://github.com/tecnickcom/tc-lib-pdf-font"
            },
            "funding": [
                {
                    "url": "https://github.com/sponsors/tecnickcom",
                    "type": "github"
                }
            ],
            "time": "2026-09-26T11:04:30+00:00"
        },
        {
            "name": "tecnickcom/tc-lib-pdf-graph",
            "version": "2.18.2",
            "source": {
                "type": "git",
                "url": "https://github.com/tecnickcom/tc-lib-pdf-graph.git",
                "reference": "bb87e68d21792e5722e8395a3ef471c74b81d70d"
            },
            "dist": {
                "type": "zip",
                "url": "https://api.github.com/repos/tecnickcom/tc-lib-pdf-graph/zipball/bb87e68d21792e5722e8395a3ef471c74b81d70d",
                "reference": "bb87e68d21792e5722e8395a3ef471c74b81d70d",
                "shasum": ""
            },
            "require": {
                "ext-zlib": "*",
                "php": "^8.2",
                "tecnickcom/tc-lib-color": "^3.0",
                "tecnickcom/tc-lib-pdf-encrypt": "^2.11"
            },
            "require-dev": {
                "carthage-software/mago": "1.50.0",
                "pdepend/pdepend": "^2.16",
                "phpunit/phpunit": "^11.5 || ^12.5 || ^13.3"
            },
            "type": "library",
            "autoload": {
                "psr-4": {
                    "Com\\Tecnick\\Pdf\\Graph\\": "src"
                }
            },
            "notification-url": "https://packagist.org/downloads/",
            "license": [
                "LGPL-3.0-or-later"
            ],
            "authors": [
                {
                    "name": "Nicola Asuni",
                    "email": "info@tecnick.com",
                    "role": "lead"
                }
            ],
            "description": "PHP library containing PDF graphic and geometric methods",
            "homepage": "https://tcpdf.org",
            "keywords": [
                "geometry",
                "graphic",
                "pdf",
                "tc-lib-pdf-graph",
                "transformation"
            ],
            "support": {
                "issues": "https://github.com/tecnickcom/tc-lib-pdf-graph/issues",
                "source": "https://github.com/tecnickcom/tc-lib-pdf-graph"
            },
            "funding": [
                {
                    "url": "https://github.com/sponsors/tecnickcom",
                    "type": "github"
                }
            ],
            "time": "2026-09-26T11:03:23+00:00"
        },
        {
            "name": "tecnickcom/tc-lib-pdf-image",
            "version": "3.14.4",
            "source": {
                "type": "git",
                "url": "https://github.com/tecnickcom/tc-lib-pdf-image.git",
                "reference": "18039dff586d90c749d88f76c9eab45d3ea27ccf"
            },
            "dist": {
                "type": "zip",
                "url": "https://api.github.com/repos/tecnickcom/tc-lib-pdf-image/zipball/18039dff586d90c749d88f76c9eab45d3ea27ccf",
                "reference": "18039dff586d90c749d88f76c9eab45d3ea27ccf",
                "shasum": ""
            },
            "require": {
                "ext-gd": "*",
                "ext-zlib": "*",
                "php": "^8.2",
                "tecnickcom/tc-lib-file": "^3.9",
                "tecnickcom/tc-lib-pdf-encrypt": "^2.11"
            },
            "require-dev": {
                "carthage-software/mago": "1.50.0",
                "pdepend/pdepend": "^2.16",
                "phpunit/phpunit": "^11.5 || ^12.5 || ^13.3"
            },
            "type": "library",
            "autoload": {
                "psr-4": {
                    "Com\\Tecnick\\Pdf\\Image\\": "src"
                }
            },
            "notification-url": "https://packagist.org/downloads/",
            "license": [
                "LGPL-3.0-or-later"
            ],
            "authors": [
                {
                    "name": "Nicola Asuni",
                    "email": "info@tecnick.com",
                    "role": "lead"
                }
            ],
            "description": "PHP library containing PDF Image methods",
            "homepage": "https://tcpdf.org",
            "keywords": [
                "image",
                "jpeg",
                "jpg",
                "pdf",
                "png",
                "tc-lib-pdf-image"
            ],
            "support": {
                "issues": "https://github.com/tecnickcom/tc-lib-pdf-image/issues",
                "source": "https://github.com/tecnickcom/tc-lib-pdf-image"
            },
            "funding": [
                {
                    "url": "https://github.com/sponsors/tecnickcom",
                    "type": "github"
                }
            ],
            "time": "2026-09-26T11:03:41+00:00"
        },
        {
            "name": "tecnickcom/tc-lib-pdf-page",
            "version": "4.16.5",
            "source": {
                "type": "git",
                "url": "https://github.com/tecnickcom/tc-lib-pdf-page.git",
                "reference": "5c6337e6dd3d8f1637dafc653e83f9493351151d"
            },
            "dist": {
                "type": "zip",
                "url": "https://api.github.com/repos/tecnickcom/tc-lib-pdf-page/zipball/5c6337e6dd3d8f1637dafc653e83f9493351151d",
                "reference": "5c6337e6dd3d8f1637dafc653e83f9493351151d",
                "shasum": ""
            },
            "require": {
                "ext-zlib": "*",
                "php": "^8.2",
                "tecnickcom/tc-lib-color": "^3.0",
                "tecnickcom/tc-lib-pdf-encrypt": "^2.11"
            },
            "require-dev": {
                "carthage-software/mago": "1.50.0",
                "pdepend/pdepend": "^2.16",
                "phpunit/phpunit": "^11.5 || ^12.5 || ^13.3"
            },
            "type": "library",
            "autoload": {
                "psr-4": {
                    "Com\\Tecnick\\Pdf\\Page\\": "src"
                }
            },
            "notification-url": "https://packagist.org/downloads/",
            "license": [
                "LGPL-3.0-or-later"
            ],
            "authors": [
                {
                    "name": "Nicola Asuni",
                    "email": "info@tecnick.com",
                    "role": "lead"
                }
            ],
            "description": "PHP library containing PDF page formats and definitions",
            "homepage": "https://tcpdf.org",
            "keywords": [
                "format",
                "page",
                "pdf",
                "tc-lib-pdf-page"
            ],
            "support": {
                "issues": "https://github.com/tecnickcom/tc-lib-pdf-page/issues",
                "source": "https://github.com/tecnickcom/tc-lib-pdf-page"
            },
            "funding": [
                {
                    "url": "https://github.com/sponsors/tecnickcom",
                    "type": "github"
                }
            ],
            "time": "2026-09-26T11:03:07+00:00"
        },
        {
            "name": "tecnickcom/tc-lib-pdf-parser",
            "version": "3.16.2",
            "source": {
                "type": "git",
                "url": "https://github.com/tecnickcom/tc-lib-pdf-parser.git",
                "reference": "074599a52f1ef8cbac67dcb9b10dd2a730760c70"
            },
            "dist": {
                "type": "zip",
                "url": "https://api.github.com/repos/tecnickcom/tc-lib-pdf-parser/zipball/074599a52f1ef8cbac67dcb9b10dd2a730760c70",
                "reference": "074599a52f1ef8cbac67dcb9b10dd2a730760c70",
                "shasum": ""
            },
            "require": {
                "ext-pcre": "*",
                "php": "^8.2",
                "tecnickcom/tc-lib-pdf-filter": "^2.11"
            },
            "require-dev": {
                "carthage-software/mago": "1.50.0",
                "pdepend/pdepend": "^2.16",
                "phpunit/phpunit": "^11.5 || ^12.5 || ^13.3"
            },
            "type": "library",
            "autoload": {
                "psr-4": {
                    "Com\\Tecnick\\Pdf\\Parser\\": "src"
                }
            },
            "notification-url": "https://packagist.org/downloads/",
            "license": [
                "LGPL-3.0-or-later"
            ],
            "authors": [
                {
                    "name": "Nicola Asuni",
                    "email": "info@tecnick.com",
                    "role": "lead"
                }
            ],
            "description": "PHP library to parse PDF documents",
            "homepage": "https://tcpdf.org",
            "keywords": [
                "document",
                "parser",
                "pdf",
                "tc-lib-pdf-parser"
            ],
            "support": {
                "issues": "https://github.com/tecnickcom/tc-lib-pdf-parser/issues",
                "source": "https://github.com/tecnickcom/tc-lib-pdf-parser"
            },
            "funding": [
                {
                    "url": "https://github.com/sponsors/tecnickcom",
                    "type": "github"
                }
            ],
            "time": "2026-09-26T11:02:50+00:00"
        },
        {
            "name": "tecnickcom/tc-lib-pdf-sign",
            "version": "2.0.5",
            "source": {
                "type": "git",
                "url": "https://github.com/tecnickcom/tc-lib-pdf-sign.git",
                "reference": "cc3d9afc536a5878326a5d34d08492c1d475960a"
            },
            "dist": {
                "type": "zip",
                "url": "https://api.github.com/repos/tecnickcom/tc-lib-pdf-sign/zipball/cc3d9afc536a5878326a5d34d08492c1d475960a",
                "reference": "cc3d9afc536a5878326a5d34d08492c1d475960a",
                "shasum": ""
            },
            "require": {
                "ext-hash": "*",
                "ext-json": "*",
                "ext-openssl": "*",
                "ext-pcre": "*",
                "php": "^8.2"
            },
            "require-dev": {
                "carthage-software/mago": "1.50.0",
                "pdepend/pdepend": "^2.16",
                "phpunit/phpunit": "^11.5 || ^12.5 || ^13.3"
            },
            "type": "library",
            "autoload": {
                "psr-4": {
                    "Com\\Tecnick\\Pdf\\Sign\\": "src"
                }
            },
            "notification-url": "https://packagist.org/downloads/",
            "license": [
                "LGPL-3.0-or-later"
            ],
            "authors": [
                {
                    "name": "Nicola Asuni",
                    "email": "info@tecnick.com",
                    "role": "lead"
                }
            ],
            "description": "PHP library to create and embed digital signatures (PKCS#7 / CAdES / PAdES) in PDF documents",
            "homepage": "https://tcpdf.org",
            "keywords": [
                "cades",
                "digital-signature",
                "pades",
                "pdf",
                "pkcs7",
                "sign",
                "signature",
                "tc-lib-pdf-sign",
                "timestamp"
            ],
            "support": {
                "issues": "https://github.com/tecnickcom/tc-lib-pdf-sign/issues",
                "source": "https://github.com/tecnickcom/tc-lib-pdf-sign"
            },
            "funding": [
                {
                    "url": "https://github.com/sponsors/tecnickcom",
                    "type": "github"
                }
            ],
            "time": "2026-09-26T10:58:47+00:00"
        },
        {
            "name": "tecnickcom/tc-lib-unicode",
            "version": "3.0.9",
            "source": {
                "type": "git",
                "url": "https://github.com/tecnickcom/tc-lib-unicode.git",
                "reference": "36bab72c262b15cc78476ab951049652d801307a"
            },
            "dist": {
                "type": "zip",
                "url": "https://api.github.com/repos/tecnickcom/tc-lib-unicode/zipball/36bab72c262b15cc78476ab951049652d801307a",
                "reference": "36bab72c262b15cc78476ab951049652d801307a",
                "shasum": ""
            },
            "require": {
                "ext-ctype": "*",
                "ext-mbstring": "*",
                "ext-pcre": "*",
                "php": "^8.2",
                "tecnickcom/tc-lib-unicode-data": "^3.0"
            },
            "require-dev": {
                "carthage-software/mago": "1.50.0",
                "pdepend/pdepend": "^2.16",
                "phpunit/phpunit": "^11.5 || ^12.5 || ^13.3"
            },
            "type": "library",
            "autoload": {
                "psr-4": {
                    "Com\\Tecnick\\Unicode\\": "src"
                }
            },
            "notification-url": "https://packagist.org/downloads/",
            "license": [
                "LGPL-3.0-or-later"
            ],
            "authors": [
                {
                    "name": "Nicola Asuni",
                    "email": "info@tecnick.com",
                    "role": "lead"
                }
            ],
            "description": "PHP library to process UTF-8 and Unicode text",
            "homepage": "https://tcpdf.org",
            "keywords": [
                "font",
                "pdf",
                "tc-lib-unicode",
                "unicode",
                "utf-8"
            ],
            "support": {
                "issues": "https://github.com/tecnickcom/tc-lib-unicode/issues",
                "source": "https://github.com/tecnickcom/tc-lib-unicode"
            },
            "funding": [
                {
                    "url": "https://github.com/sponsors/tecnickcom",
                    "type": "github"
                }
            ],
            "time": "2026-09-26T11:02:31+00:00"
        },
        {
            "name": "tecnickcom/tc-lib-unicode-data",
            "version": "3.0.9",
            "source": {
                "type": "git",
                "url": "https://github.com/tecnickcom/tc-lib-unicode-data.git",
                "reference": "24e5cec5ee4ce607fab77aceb1a67a3eaf817528"
            },
            "dist": {
                "type": "zip",
                "url": "https://api.github.com/repos/tecnickcom/tc-lib-unicode-data/zipball/24e5cec5ee4ce607fab77aceb1a67a3eaf817528",
                "reference": "24e5cec5ee4ce607fab77aceb1a67a3eaf817528",
                "shasum": ""
            },
            "require": {
                "php": "^8.2"
            },
            "require-dev": {
                "carthage-software/mago": "1.50.0",
                "pdepend/pdepend": "^2.16",
                "phpunit/phpunit": "^11.5 || ^12.5 || ^13.3"
            },
            "type": "library",
            "autoload": {
                "psr-4": {
                    "Com\\Tecnick\\Unicode\\Data\\": "src"
                }
            },
            "notification-url": "https://packagist.org/downloads/",
            "license": [
                "LGPL-3.0-or-later"
            ],
            "authors": [
                {
                    "name": "Nicola Asuni",
                    "email": "info@tecnick.com",
                    "role": "lead"
                }
            ],
            "description": "PHP library containing Unicode definitions",
            "homepage": "https://tcpdf.org",
            "keywords": [
                "font",
                "pdf",
                "tc-lib-unicode-data",
                "unicode",
                "utf-8"
            ],
            "support": {
                "issues": "https://github.com/tecnickcom/tc-lib-unicode-data/issues",
                "source": "https://github.com/tecnickcom/tc-lib-unicode-data"
            },
            "funding": [
                {
                    "url": "https://github.com/sponsors/tecnickcom",
                    "type": "github"
                }
            ],
            "time": "2026-09-26T10:59:03+00:00"
        },
        {
            "name": "tecnickcom/tcpdf",
            "version": "7.0.12",
            "source": {
                "type": "git",
                "url": "https://github.com/tecnickcom/TCPDF.git",
                "reference": "c12834463ff56a9ccd02816adf1a7246a40e73f8"
            },
            "dist": {
                "type": "zip",
                "url": "https://api.github.com/repos/tecnickcom/TCPDF/zipball/c12834463ff56a9ccd02816adf1a7246a40e73f8",
                "reference": "c12834463ff56a9ccd02816adf1a7246a40e73f8",
                "shasum": ""
            },
            "require": {
                "ext-curl": "*",
                "php": ">=8.2",
                "tecnickcom/tc-lib-pdf": "^8.76"
            },
            "require-dev": {
                "carthage-software/mago": "1.50.0",
                "pdepend/pdepend": "^2.16",
                "phpunit/phpunit": "^11.5 || ^12.5 || ^13.3"
            },
            "suggest": {
                "ext-gd": "Enables additional image handling in some workflows.",
                "ext-imagick": "Enables additional image format support when available.",
                "ext-zlib": "Recommended for compressed streams and related features.",
                "tecnickcom/tc-lib-pdf": "Modern replacement for TCPDF for new projects."
            },
            "type": "library",
            "autoload": {
                "classmap": [
                    "config",
                    "tcpdf.php"
                ]
            },
            "notification-url": "https://packagist.org/downloads/",
            "license": [
                "LGPL-3.0-or-later"
            ],
            "authors": [
                {
                    "name": "Nicola Asuni",
                    "email": "info@tecnick.com",
                    "role": "lead"
                }
            ],
            "description": "Deprecated legacy PDF engine for PHP. Use instead tecnickcom/tc-lib-pdf.",
            "homepage": "https://tcpdf.org",
            "keywords": [
                "PDFD32000-2008",
                "TCPDF",
                "barcodes",
                "datamatrix",
                "pdf",
                "pdf417",
                "qrcode"
            ],
            "support": {
                "issues": "https://github.com/tecnickcom/TCPDF/issues",
                "source": "https://github.com/tecnickcom/TCPDF"
            },
            "funding": [
                {
                    "url": "https://github.com/sponsors/tecnickcom",
                    "type": "github"
                }
            ],
            "time": "2026-09-26T11:15:24+00:00"
        }
    ],
    "packages-dev": [],
    "aliases": [],
    "minimum-stability": "stable",
    "stability-flags": {},
    "prefer-stable": false,
    "prefer-lowest": false,
    "platform": {},
    "platform-dev": {},
    "plugin-api-version": "2.9.0"
}
